
Microsoft Visual Studio Solution File, Format Version 11.00
# Visual Studio 2010
# SharpDevelop 4.4
Project("{FAE04EC0-301F-11D3-BF4B-00C04F79EFBC}") = "LogisticRegression", "LogisticRegression\LogisticRegression.csproj", "{22AA920A-70CB-44CF-BB62-A550287623FE}"
EndProject
Global
	GlobalSection(SolutionConfigurationPlatforms) = preSolution
		Debug|Any CPU = Debug|Any CPU
		Release|Any CPU = Release|Any CPU
	EndGlobalSection
	GlobalSection(ProjectConfigurationPlatforms) = postSolution
		{22AA920A-70CB-44CF-BB62-A550287623FE}.Debug|Any CPU.Build.0 = Debug|Any CPU
		{22AA920A-70CB-44CF-BB62-A550287623FE}.Debug|Any CPU.ActiveCfg = Debug|Any CPU
		{22AA920A-70CB-44CF-BB62-A550287623FE}.Release|Any CPU.Build.0 = Release|Any CPU
		{22AA920A-70CB-44CF-BB62-A550287623FE}.Release|Any CPU.ActiveCfg = Release|Any CPU
	EndGlobalSection
EndGlobal
